
Microsoft Visual Studio Solution File, Format Version 12.00
# Visual Studio Version 16
VisualStudioVersion = 16.0.30104.148
MinimumVisualStudioVersion = 10.0.40219.1
Project("{FAE04EC0-301F-11D3-BF4B-00C04F79EFBC}") = "TrainingSystem", "TrainingSystem.csproj", "{95D9292F-0FD4-4E39-A76C-45EFFBEA9BAB}"
EndProject
Global
	GlobalSection(SolutionConfigurationPlatforms) = preSolution
		Debug|Any CPU = Debug|Any CPU
		Release|Any CPU = Release|Any CPU
	EndGlobalSection
	GlobalSection(ProjectConfigurationPlatforms) = postSolution
		{95D9292F-0FD4-4E39-A76C-45EFFBEA9BAB}.Debug|Any CPU.ActiveCfg = Debug|Any CPU
		{95D9292F-0FD4-4E39-A76C-45EFFBEA9BAB}.Debug|Any CPU.Build.0 = Debug|Any CPU
		{95D9292F-0FD4-4E39-A76C-45EFFBEA9BAB}.Release|Any CPU.ActiveCfg = Release|Any CPU
		{95D9292F-0FD4-4E39-A76C-45EFFBEA9BAB}.Release|Any CPU.Build.0 = Release|Any CPU
	EndGlobalSection
	GlobalSection(SolutionProperties) = preSolution
		HideSolutionNode = FALSE
	EndGlobalSection
	GlobalSection(ExtensibilityGlobals) = postSolution
		SolutionGuid = {BF600140-9C0D-448F-A410-746D1D46AA28}
	EndGlobalSection
EndGlobal
